
Microsoft Visual Studio Solution File, Format Version 12.00
# Visual Studio Version 17
VisualStudioVersion = 17.10.35004.147
MinimumVisualStudioVersion = 10.0.40219.1
Project("{FAE04EC0-301F-11D3-BF4B-00C04F79EFBC}") = "OmegaImportPusher", "OmegaImportPusher\OmegaImportPusher.csproj", "{59F4A257-5A30-4241-B4DE-7AAFFDDF671D}"
EndProject
Global
	GlobalSection(SolutionConfigurationPlatforms) = preSolution
		Debug|Any CPU = Debug|Any CPU
		Release|Any CPU = Release|Any CPU
	EndGlobalSection
	GlobalSection(ProjectConfigurationPlatforms) = postSolution
		{59F4A257-5A30-4241-B4DE-7AAFFDDF671D}.Debug|Any CPU.ActiveCfg = Debug|Any CPU
		{59F4A257-5A30-4241-B4DE-7AAFFDDF671D}.Debug|Any CPU.Build.0 = Debug|Any CPU
		{59F4A257-5A30-4241-B4DE-7AAFFDDF671D}.Release|Any CPU.ActiveCfg = Release|Any CPU
		{59F4A257-5A30-4241-B4DE-7AAFFDDF671D}.Release|Any CPU.Build.0 = Release|Any CPU
	EndGlobalSection
	GlobalSection(SolutionProperties) = preSolution
		HideSolutionNode = FALSE
	EndGlobalSection
	GlobalSection(ExtensibilityGlobals) = postSolution
		SolutionGuid = {9EECE4F9-EC46-4F7F-ABA8-10115D9C32E7}
	EndGlobalSection
EndGlobal
